
Microsoft Visual Studio Solution File, Format Version 12.00
# Visual Studio Version 17
VisualStudioVersion = 17.7.34031.279
MinimumVisualStudioVersion = 10.0.40219.1
Project("{FAE04EC0-301F-11D3-BF4B-00C04F79EFBC}") = "Data", "Data\Data.csproj", "{64E57DBA-B393-4AC7-92C1-6792E95C31CA}"
EndProject
Project("{FAE04EC0-301F-11D3-BF4B-00C04F79EFBC}") = "Business", "Business\Business.csproj", "{0A1E3C18-6490-4118-8237-5D02FC6C9F22}"
EndProject
Project("{FAE04EC0-301F-11D3-BF4B-00C04F79EFBC}") = "Console", "Console\Console.csproj", "{67F732C3-830F-4CDB-87AC-C8DA08430E56}"
EndProject
Global
	GlobalSection(SolutionConfigurationPlatforms) = preSolution
		Debug|Any CPU = Debug|Any CPU
		Release|Any CPU = Release|Any CPU
	EndGlobalSection
	GlobalSection(ProjectConfigurationPlatforms) = postSolution
		{64E57DBA-B393-4AC7-92C1-6792E95C31CA}.Debug|Any CPU.ActiveCfg = Debug|Any CPU
		{64E57DBA-B393-4AC7-92C1-6792E95C31CA}.Debug|Any CPU.Build.0 = Debug|Any CPU
		{64E57DBA-B393-4AC7-92C1-6792E95C31CA}.Release|Any CPU.ActiveCfg = Release|Any CPU
		{64E57DBA-B393-4AC7-92C1-6792E95C31CA}.Release|Any CPU.Build.0 = Release|Any CPU
		{0A1E3C18-6490-4118-8237-5D02FC6C9F22}.Debug|Any CPU.ActiveCfg = Debug|Any CPU
		{0A1E3C18-6490-4118-8237-5D02FC6C9F22}.Debug|Any CPU.Build.0 = Debug|Any CPU
		{0A1E3C18-6490-4118-8237-5D02FC6C9F22}.Release|Any CPU.ActiveCfg = Release|Any CPU
		{0A1E3C18-6490-4118-8237-5D02FC6C9F22}.Release|Any CPU.Build.0 = Release|Any CPU
		{67F732C3-830F-4CDB-87AC-C8DA08430E56}.Debug|Any CPU.ActiveCfg = Debug|Any CPU
		{67F732C3-830F-4CDB-87AC-C8DA08430E56}.Debug|Any CPU.Build.0 = Debug|Any CPU
		{67F732C3-830F-4CDB-87AC-C8DA08430E56}.Release|Any CPU.ActiveCfg = Release|Any CPU
		{67F732C3-830F-4CDB-87AC-C8DA08430E56}.Release|Any CPU.Build.0 = Release|Any CPU
	EndGlobalSection
	GlobalSection(SolutionProperties) = preSolution
		HideSolutionNode = FALSE
	EndGlobalSection
	GlobalSection(ExtensibilityGlobals) = postSolution
		SolutionGuid = {261C06F2-8075-43A5-9EA4-8922234946B1}
	EndGlobalSection
EndGlobal
